
Microsoft Visual Studio Solution File, Format Version 12.00
# Visual Studio Version 17
VisualStudioVersion = 17.3.32929.385
MinimumVisualStudioVersion = 10.0.40219.1
Project("{FAE04EC0-301F-11D3-BF4B-00C04F79EFBC}") = "StudioWebApp", "StudioWebApp.csproj", "{45423A6B-0337-43F8-AB7A-A0D8A4CCBCD8}"
EndProject
Global
	GlobalSection(SolutionConfigurationPlatforms) = preSolution
		Debug|Any CPU = Debug|Any CPU
		Release|Any CPU = Release|Any CPU
	EndGlobalSection
	GlobalSection(ProjectConfigurationPlatforms) = postSolution
		{45423A6B-0337-43F8-AB7A-A0D8A4CCBCD8}.Debug|Any CPU.ActiveCfg = Debug|Any CPU
		{45423A6B-0337-43F8-AB7A-A0D8A4CCBCD8}.Debug|Any CPU.Build.0 = Debug|Any CPU
		{45423A6B-0337-43F8-AB7A-A0D8A4CCBCD8}.Release|Any CPU.ActiveCfg = Release|Any CPU
		{45423A6B-0337-43F8-AB7A-A0D8A4CCBCD8}.Release|Any CPU.Build.0 = Release|Any CPU
	EndGlobalSection
	GlobalSection(SolutionProperties) = preSolution
		HideSolutionNode = FALSE
	EndGlobalSection
	GlobalSection(ExtensibilityGlobals) = postSolution
		SolutionGuid = {FE0FFDDC-025A-497E-B2B2-40286D7BC1FB}
	EndGlobalSection
EndGlobal
